{
  "name": "ngraph.svg",
  "version": "0.0.17",
  "lockfileVersion": 2,
  "requires": true,
  "packages": {
    "": {
      "name": "ngraph.svg",
      "version": "0.0.17",
      "license": "MIT",
      "dependencies": {
        "hammerjs": "^2.0.2",
        "ngraph.events": "1.2.1",
        "ngraph.forcelayout": "3.3.0",
        "ngraph.merge": "0.0.1",
        "simplesvg": "0.1.0",
        "wheel": "0.0.1"
      },
      "devDependencies": {
        "ngraph.graph": "20.0.0"
      }
    },
    "node_modules/add-event-listener": {
      "version": "0.0.1",
      "resolved": "https://registry.npmjs.org/add-event-listener/-/add-event-listener-0.0.1.tgz",
      "integrity": "sha1-p2Ip68ZMiu+uIEoWJzovJVq+otA="
    },
    "node_modules/hammerjs": {
      "version": "2.0.8",
      "resolved": "https://registry.npmjs.org/hammerjs/-/hammerjs-2.0.8.tgz",
      "integrity": "sha1-BO93hiz/K7edMPdpIJWTAiK/YPE=",
      "engines": {
        "node": ">=0.8.0"
      }
    },
    "node_modules/ngraph.events": {
      "version": "1.2.1",
      "resolved": "https://registry.npmjs.org/ngraph.events/-/ngraph.events-1.2.1.tgz",
      "integrity": "sha512-D4C+nXH/RFxioGXQdHu8ELDtC6EaCiNsZtih0IvyGN81OZSUby4jXoJ5+RNWasfsd0FnKxxpAROyUMzw64QNsw=="
    },
    "node_modules/ngraph.forcelayout": {
      "version": "3.3.0",
      "resolved": "https://registry.npmjs.org/ngraph.forcelayout/-/ngraph.forcelayout-3.3.0.tgz",
      "integrity": "sha512-EWqG8oSEueByuisyFl/c77M0+ts8g+dpNseafXFO71f0PvvZgzQ1zac1yO9CJVK6e94kbkvztgjDX3oQZ/4lVA==",
      "dependencies": {
        "ngraph.events": "^1.0.0",
        "ngraph.merge": "^1.0.0",
        "ngraph.random": "^1.0.0"
      }
    },
    "node_modules/ngraph.forcelayout/node_modules/ngraph.merge": {
      "version": "1.0.0",
      "resolved": "https://registry.npmjs.org/ngraph.merge/-/ngraph.merge-1.0.0.tgz",
      "integrity": "sha512-5J8YjGITUJeapsomtTALYsw7rFveYkM+lBj3QiYZ79EymQcuri65Nw3knQtFxQBU1r5iOaVRXrSwMENUPK62Vg=="
    },
    "node_modules/ngraph.graph": {
      "version": "20.0.0",
      "resolved": "https://registry.npmjs.org/ngraph.graph/-/ngraph.graph-20.0.0.tgz",
      "integrity": "sha512-tJqmik6U5geNDSbmTSwm4R6coTMDbkfFFHD8wdeSJtKU/cxIWFsKtXuwMva/wTk6tQQl1C2//lrzmwfPJXAXHw==",
      "dev": true,
      "dependencies": {
        "ngraph.events": "^1.2.1"
      }
    },
    "node_modules/ngraph.merge": {
      "version": "0.0.1",
      "resolved": "https://registry.npmjs.org/ngraph.merge/-/ngraph.merge-0.0.1.tgz",
      "integrity": "sha1-5OgM43WBo8lrF9VF46Q8hUNLkCU="
    },
    "node_modules/ngraph.random": {
      "version": "1.1.0",
      "resolved": "https://registry.npmjs.org/ngraph.random/-/ngraph.random-1.1.0.tgz",
      "integrity": "sha512-h25UdUN/g8U7y29TzQtRm/GvGr70lK37yQPvPKXXuVfs7gCm82WipYFZcksQfeKumtOemAzBIcT7lzzyK/edLw=="
    },
    "node_modules/simplesvg": {
      "version": "0.1.0",
      "resolved": "https://registry.npmjs.org/simplesvg/-/simplesvg-0.1.0.tgz",
      "integrity": "sha1-wNMaiFfAal15pZVh4d4tCM3GErk=",
      "dependencies": {
        "add-event-listener": "0.0.1"
      }
    },
    "node_modules/wheel": {
      "version": "0.0.1",
      "resolved": "https://registry.npmjs.org/wheel/-/wheel-0.0.1.tgz",
      "integrity": "sha1-Ay+2h8aj83Lm43iZ04+mPiOk8jQ="
    }
  },
  "dependencies": {
    "add-event-listener": {
      "version": "0.0.1",
      "resolved": "https://registry.npmjs.org/add-event-listener/-/add-event-listener-0.0.1.tgz",
      "integrity": "sha1-p2Ip68ZMiu+uIEoWJzovJVq+otA="
    },
    "hammerjs": {
      "version": "2.0.8",
      "resolved": "https://registry.npmjs.org/hammerjs/-/hammerjs-2.0.8.tgz",
      "integrity": "sha1-BO93hiz/K7edMPdpIJWTAiK/YPE="
    },
    "ngraph.events": {
      "version": "1.2.1",
      "resolved": "https://registry.npmjs.org/ngraph.events/-/ngraph.events-1.2.1.tgz",
      "integrity": "sha512-D4C+nXH/RFxioGXQdHu8ELDtC6EaCiNsZtih0IvyGN81OZSUby4jXoJ5+RNWasfsd0FnKxxpAROyUMzw64QNsw=="
    },
    "ngraph.forcelayout": {
      "version": "3.3.0",
      "resolved": "https://registry.npmjs.org/ngraph.forcelayout/-/ngraph.forcelayout-3.3.0.tgz",
      "integrity": "sha512-EWqG8oSEueByuisyFl/c77M0+ts8g+dpNseafXFO71f0PvvZgzQ1zac1yO9CJVK6e94kbkvztgjDX3oQZ/4lVA==",
      "requires": {
        "ngraph.events": "^1.0.0",
        "ngraph.merge": "^1.0.0",
        "ngraph.random": "^1.0.0"
      },
      "dependencies": {
        "ngraph.merge": {
          "version": "1.0.0",
          "resolved": "https://registry.npmjs.org/ngraph.merge/-/ngraph.merge-1.0.0.tgz",
          "integrity": "sha512-5J8YjGITUJeapsomtTALYsw7rFveYkM+lBj3QiYZ79EymQcuri65Nw3knQtFxQBU1r5iOaVRXrSwMENUPK62Vg=="
        }
      }
    },
    "ngraph.graph": {
      "version": "20.0.0",
      "resolved": "https://registry.npmjs.org/ngraph.graph/-/ngraph.graph-20.0.0.tgz",
      "integrity": "sha512-tJqmik6U5geNDSbmTSwm4R6coTMDbkfFFHD8wdeSJtKU/cxIWFsKtXuwMva/wTk6tQQl1C2//lrzmwfPJXAXHw==",
      "dev": true,
      "requires": {
        "ngraph.events": "^1.2.1"
      }
    },
    "ngraph.merge": {
      "version": "0.0.1",
      "resolved": "https://registry.npmjs.org/ngraph.merge/-/ngraph.merge-0.0.1.tgz",
      "integrity": "sha1-5OgM43WBo8lrF9VF46Q8hUNLkCU="
    },
    "ngraph.random": {
      "version": "1.1.0",
      "resolved": "https://registry.npmjs.org/ngraph.random/-/ngraph.random-1.1.0.tgz",
      "integrity": "sha512-h25UdUN/g8U7y29TzQtRm/GvGr70lK37yQPvPKXXuVfs7gCm82WipYFZcksQfeKumtOemAzBIcT7lzzyK/edLw=="
    },
    "simplesvg": {
      "version": "0.1.0",
      "resolved": "https://registry.npmjs.org/simplesvg/-/simplesvg-0.1.0.tgz",
      "integrity": "sha1-wNMaiFfAal15pZVh4d4tCM3GErk=",
      "requires": {
        "add-event-listener": "0.0.1"
      }
    },
    "wheel": {
      "version": "0.0.1",
      "resolved": "https://registry.npmjs.org/wheel/-/wheel-0.0.1.tgz",
      "integrity": "sha1-Ay+2h8aj83Lm43iZ04+mPiOk8jQ="
    }
  }
}
